
Microsoft Visual Studio Solution File, Format Version 12.00
# Visual Studio Version 17
VisualStudioVersion = 17.13.35825.156 d17.13
MinimumVisualStudioVersion = 10.0.40219.1
Project("{FAE04EC0-301F-11D3-BF4B-00C04F79EFBC}") = "AppLogin", "AppLogin\AppLogin.csproj", "{EF81E5CC-7257-48B2-95E2-682F24A4D888}"
EndProject
Global
	GlobalSection(SolutionConfigurationPlatforms) = preSolution
		Debug|Any CPU = Debug|Any CPU
		Release|Any CPU = Release|Any CPU
	EndGlobalSection
	GlobalSection(ProjectConfigurationPlatforms) = postSolution
		{EF81E5CC-7257-48B2-95E2-682F24A4D888}.Debug|Any CPU.ActiveCfg = Debug|Any CPU
		{EF81E5CC-7257-48B2-95E2-682F24A4D888}.Debug|Any CPU.Build.0 = Debug|Any CPU
		{EF81E5CC-7257-48B2-95E2-682F24A4D888}.Release|Any CPU.ActiveCfg = Release|Any CPU
		{EF81E5CC-7257-48B2-95E2-682F24A4D888}.Release|Any CPU.Build.0 = Release|Any CPU
	EndGlobalSection
	GlobalSection(SolutionProperties) = preSolution
		HideSolutionNode = FALSE
	EndGlobalSection
	GlobalSection(ExtensibilityGlobals) = postSolution
		SolutionGuid = {D663D484-8F4B-4753-8B5B-07E8C4E1C184}
	EndGlobalSection
EndGlobal
